
Microsoft Visual Studio Solution File, Format Version 12.00
# Visual Studio Version 17
VisualStudioVersion = 17.1.32319.34
MinimumVisualStudioVersion = 10.0.40219.1
Project("{FAE04EC0-301F-11D3-BF4B-00C04F79EFBC}") = "TSI.MXNet", "TSI.MXNet\TSI.MXNet.csproj", "{219C3C31-32DF-473F-B5DD-2C0A12D918D9}"
EndProject
Global
	GlobalSection(SolutionConfigurationPlatforms) = preSolution
		Debug|Any CPU = Debug|Any CPU
		Release|Any CPU = Release|Any CPU
	EndGlobalSection
	GlobalSection(ProjectConfigurationPlatforms) = postSolution
		{219C3C31-32DF-473F-B5DD-2C0A12D918D9}.Debug|Any CPU.ActiveCfg = Debug|Any CPU
		{219C3C31-32DF-473F-B5DD-2C0A12D918D9}.Debug|Any CPU.Build.0 = Debug|Any CPU
		{219C3C31-32DF-473F-B5DD-2C0A12D918D9}.Release|Any CPU.ActiveCfg = Release|Any CPU
		{219C3C31-32DF-473F-B5DD-2C0A12D918D9}.Release|Any CPU.Build.0 = Release|Any CPU
	EndGlobalSection
	GlobalSection(SolutionProperties) = preSolution
		HideSolutionNode = FALSE
	EndGlobalSection
	GlobalSection(ExtensibilityGlobals) = postSolution
		SolutionGuid = {2F0D5F7D-35F0-48B4-B3BB-11109C300055}
	EndGlobalSection
EndGlobal
